// !$*UTF8*$!
{
	archiveVersion = 1;
	classes = {
	};
	objectVersion = 46;
	objects = {

/* Begin PBXBuildFile section */
		834BB2B51CB44B7800E7A923 /* AppDelegate.swift in Sources */ = {isa = PBXBuildFile; fileRef = 834BB2B41CB44B7800E7A923 /* AppDelegate.swift */; };
		834BB2B71CB44B7800E7A923 /* ViewController.swift in Sources */ = {isa = PBXBuildFile; fileRef = 834BB2B61CB44B7800E7A923 /* ViewController.swift */; };
		834BB2BA1CB44B7800E7A923 /* Main.storyboard in Resources */ = {isa = PBXBuildFile; fileRef = 834BB2B81CB44B7800E7A923 /* Main.storyboard */; };
		834BB2BC1CB44B7800E7A923 /* Assets.xcassets in Resources */ = {isa = PBXBuildFile; fileRef = 834BB2BB1CB44B7800E7A923 /* Assets.xcassets */; };
		834BB2BF1CB44B7800E7A923 /* LaunchScreen.storyboard in Resources */ = {isa = PBXBuildFile; fileRef = 834BB2BD1CB44B7800E7A923 /* LaunchScreen.storyboard */; };
		834BB2CA1CB44B7800E7A923 /* blinksTests.swift in Sources */ = {isa = PBXBuildFile; fileRef = 834BB2C91CB44B7800E7A923 /* blinksTests.swift */; };
		834BB2D51CB44B7800E7A923 /* blinksUITests.swift in Sources */ = {isa = PBXBuildFile; fileRef = 834BB2D41CB44B7800E7A923 /* blinksUITests.swift */; };
/* End PBXBuildFile section */

/* Begin PBXContainerItemProxy section */
		834BB2C61CB44B7800E7A923 /* PBXContainerItemProxy */ = {
			isa = PBXContainerItemProxy;
			containerPortal = 834BB2A91CB44B7800E7A923 /* Project object */;
			proxyType = 1;
			remoteGlobalIDString = 834BB2B01CB44B7800E7A923;
			remoteInfo = blinks;
		};
		834BB2D11CB44B7800E7A923 /* PBXContainerItemProxy */ = {
			isa = PBXContainerItemProxy;
			containerPortal = 834BB2A91CB44B7800E7A923 /* Project object */;
			proxyType = 1;
			remoteGlobalIDString = 834BB2B01CB44B7800E7A923;
			remoteInfo = blinks;
		};
/* End PBXContainerItemProxy section */

/* Begin PBXFileReference section */
		834BB2B11CB44B7800E7A923 /* blinks.app */ = {isa = PBXFileReference; explicitFileType = wrapper.application; includeInIndex = 0; path = blinks.app; sourceTree = BUILT_PRODUCTS_DIR; };
		834BB2B41CB44B7800E7A923 /* AppDelegate.swift */ = {isa = PBXFileReference; lastKnownFileType = sourcecode.swift; path = AppDelegate.swift; sourceTree = "<group>"; };
		834BB2B61CB44B7800E7A923 /* ViewController.swift */ = {isa = PBXFileReference; lastKnownFileType = sourcecode.swift; path = ViewController.swift; sourceTree = "<group>"; };
		834BB2B91CB44B7800E7A923 /* Base */ = {isa = PBXFileReference; lastKnownFileType = file.storyboard; name = Base; path = Base.lproj/Main.storyboard; sourceTree = "<group>"; };
		834BB2BB1CB44B7800E7A923 /* Assets.xcassets */ = {isa = PBXFileReference; lastKnownFileType = folder.assetcatalog; path = Assets.xcassets; sourceTree = "<group>"; };
		834BB2BE1CB44B7800E7A923 /* Base */ = {isa = PBXFileReference; lastKnownFileType = file.storyboard; name = Base; path = Base.lproj/LaunchScreen.storyboard; sourceTree = "<group>"; };
		834BB2C01CB44B7800E7A923 /* Info.plist */ = {isa = PBXFileReference; lastKnownFileType = text.plist.xml; path = Info.plist; sourceTree = "<group>"; };
		834BB2C51CB44B7800E7A923 /* blinksTests.xctest */ = {isa = PBXFileReference; explicitFileType = wrapper.cfbundle; includeInIndex = 0; path = blinksTests.xctest; sourceTree = BUILT_PRODUCTS_DIR; };
		834BB2C91CB44B7800E7A923 /* blinksTests.swift */ = {isa = PBXFileReference; lastKnownFileType = sourcecode.swift; path = blinksTests.swift; sourceTree = "<group>"; };
		834BB2CB1CB44B7800E7A923 /* Info.plist */ = {isa = PBXFileReference; lastKnownFileType = text.plist.xml; path = Info.plist; sourceTree = "<group>"; };
		834BB2D01CB44B7800E7A923 /* blinksUITests.xctest */ = {isa = PBXFileReference; explicitFileType = wrapper.cfbundle; includeInIndex = 0; path = blinksUITests.xctest; sourceTree = BUILT_PRODUCTS_DIR; };
		834BB2D41CB44B7800E7A923 /* blinksUITests.swift */ = {isa = PBXFileReference; lastKnownFileType = sourcecode.swift; path = blinksUITests.swift; sourceTree = "<group>"; };
		834BB2D61CB44B7800E7A923 /* Info.plist */ = {isa = PBXFileReference; lastKnownFileType = text.plist.xml; path = Info.plist; sourceTree = "<group>"; };
/* End PBXFileReference section */

/* Begin PBXFrameworksBuildPhase section */
		834BB2AE1CB44B7800E7A923 /* Frameworks */ = {
			isa = PBXFrameworksBuildPhase;
			buildActionMask = 2147483647;
			files = (
			);
			runOnlyForDeploymentPostprocessing = 0;
		};
		834BB2C21CB44B7800E7A923 /* Frameworks */ = {
			isa = PBXFrameworksBuildPhase;
			buildActionMask = 2147483647;
			files = (
			);
			runOnlyForDeploymentPostprocessing = 0;
		};
		834BB2CD1CB44B7800E7A923 /* Frameworks */ = {
			isa = PBXFrameworksBuildPhase;
			buildActionMask = 2147483647;
			files = (
			);
			runOnlyForDeploymentPostprocessing = 0;
		};
/* End PBXFrameworksBuildPhase section */

/* Begin PBXGroup section */
		834BB2A81CB44B7800E7A923 = {
			isa = PBXGroup;
			children = (
				834BB2B31CB44B7800E7A923 /* blinks */,
				834BB2C81CB44B7800E7A923 /* blinksTests */,
				834BB2D31CB44B7800E7A923 /* blinksUITests */,
				834BB2B21CB44B7800E7A923 /* Products */,
			);
			sourceTree = "<group>";
		};
		834BB2B21CB44B7800E7A923 /* Products */ = {
			isa = PBXGroup;
			children = (
				834BB2B11CB44B7800E7A923 /* blinks.app */,
				834BB2C51CB44B7800E7A923 /* blinksTests.xctest */,
				834BB2D01CB44B7800E7A923 /* blinksUITests.xctest */,
			);
			name = Products;
			sourceTree = "<group>";
		};
		834BB2B31CB44B7800E7A923 /* blinks */ = {
			isa = PBXGroup;
			children = (
				834BB2B41CB44B7800E7A923 /* AppDelegate.swift */,
				834BB2B61CB44B7800E7A923 /* ViewController.swift */,
				834BB2B81CB44B7800E7A923 /* Main.storyboard */,
				834BB2BB1CB44B7800E7A923 /* Assets.xcassets */,
				834BB2BD1CB44B7800E7A923 /* LaunchScreen.storyboard */,
				834BB2C01CB44B7800E7A923 /* Info.plist */,
			);
			path = blinks;
			sourceTree = "<group>";
		};
		834BB2C81CB44B7800E7A923 /* blinksTests */ = {
			isa = PBXGroup;
			children = (
				834BB2C91CB44B7800E7A923 /* blinksTests.swift */,
				834BB2CB1CB44B7800E7A923 /* Info.plist */,
			);
			path = blinksTests;
			sourceTree = "<group>";
		};
		834BB2D31CB44B7800E7A923 /* blinksUITests */ = {
			isa = PBXGroup;
			children = (
				834BB2D41CB44B7800E7A923 /* blinksUITests.swift */,
				834BB2D61CB44B7800E7A923 /* Info.plist */,
			);
			path = blinksUITests;
			sourceTree = "<group>";
		};
/* End PBXGroup section */

/* Begin PBXNativeTarget section */
		834BB2B01CB44B7800E7A923 /* blinks */ = {
			isa = PBXNativeTarget;
			buildConfigurationList = 834BB2D91CB44B7800E7A923 /* Build configuration list for PBXNativeTarget "blinks" */;
			buildPhases = (
				834BB2AD1CB44B7800E7A923 /* Sources */,
				834BB2AE1CB44B7800E7A923 /* Frameworks */,
				834BB2AF1CB44B7800E7A923 /* Resources */,
			);
			buildRules = (
			);
			dependencies = (
			);
			name = blinks;
			productName = blinks;
			productReference = 834BB2B11CB44B7800E7A923 /* blinks.app */;
			productType = "com.apple.product-type.application";
		};
		834BB2C41CB44B7800E7A923 /* blinksTests */ = {
			isa = PBXNativeTarget;
			buildConfigurationList = 834BB2DC1CB44B7800E7A923 /* Build configuration list for PBXNativeTarget "blinksTests" */;
			buildPhases = (
				834BB2C11CB44B7800E7A923 /* Sources */,
				834BB2C21CB44B7800E7A923 /* Frameworks */,
				834BB2C31CB44B7800E7A923 /* Resources */,
			);
			buildRules = (
			);
			dependencies = (
				834BB2C71CB44B7800E7A923 /* PBXTargetDependency */,
			);
			name = blinksTests;
			productName = blinksTests;
			productReference = 834BB2C51CB44B7800E7A923 /* blinksTests.xctest */;
			productType = "com.apple.product-type.bundle.unit-test";
		};
		834BB2CF1CB44B7800E7A923 /* blinksUITests */ = {
			isa = PBXNativeTarget;
			buildConfigurationList = 834BB2DF1CB44B7800E7A923 /* Build configuration list for PBXNativeTarget "blinksUITests" */;
			buildPhases = (
				834BB2CC1CB44B7800E7A923 /* Sources */,
				834BB2CD1CB44B7800E7A923 /* Frameworks */,
				834BB2CE1CB44B7800E7A923 /* Resources */,
			);
			buildRules = (
			);
			dependencies = (
				834BB2D21CB44B7800E7A923 /* PBXTargetDependency */,
			);
			name = blinksUITests;
			productName = blinksUITests;
			productReference = 834BB2D01CB44B7800E7A923 /* blinksUITests.xctest */;
			productType = "com.apple.product-type.bundle.ui-testing";
		};
/* End PBXNativeTarget section */

/* Begin PBXProject section */
		834BB2A91CB44B7800E7A923 /* Project object */ = {
			isa = PBXProject;
			attributes = {
				LastSwiftUpdateCheck = 0730;
				LastUpgradeCheck = 0730;
				ORGANIZATIONNAME = "Lateral View";
				TargetAttributes = {
					834BB2B01CB44B7800E7A923 = {
						CreatedOnToolsVersion = 7.3;
					};
					834BB2C41CB44B7800E7A923 = {
						CreatedOnToolsVersion = 7.3;
						TestTargetID = 834BB2B01CB44B7800E7A923;
					};
					834BB2CF1CB44B7800E7A923 = {
						CreatedOnToolsVersion = 7.3;
						TestTargetID = 834BB2B01CB44B7800E7A923;
					};
				};
			};
			buildConfigurationList = 834BB2AC1CB44B7800E7A923 /* Build configuration list for PBXProject "blinks" */;
			compatibilityVersion = "Xcode 3.2";
			developmentRegion = English;
			hasScannedForEncodings = 0;
			knownRegions = (
				en,
				Base,
			);
			mainGroup = 834BB2A81CB44B7800E7A923;
			productRefGroup = 834BB2B21CB44B7800E7A923 /* Products */;
			projectDirPath = "";
			projectRoot = "";
			targets = (
				834BB2B01CB44B7800E7A923 /* blinks */,
				834BB2C41CB44B7800E7A923 /* blinksTests */,
				834BB2CF1CB44B7800E7A923 /* blinksUITests */,
			);
		};
/* End PBXProject section */

/* Begin PBXResourcesBuildPhase section */
		834BB2AF1CB44B7800E7A923 /* Resources */ = {
			isa = PBXResourcesBuildPhase;
			buildActionMask = 2147483647;
			files = (
				834BB2BF1CB44B7800E7A923 /* LaunchScreen.storyboard in Resources */,
				834BB2BC1CB44B7800E7A923 /* Assets.xcassets in Resources */,
				834BB2BA1CB44B7800E7A923 /* Main.storyboard in Resources */,
			);
			runOnlyForDeploymentPostprocessing = 0;
		};
		834BB2C31CB44B7800E7A923 /* Resources */ = {
			isa = PBXResourcesBuildPhase;
			buildActionMask = 2147483647;
			files = (
			);
			runOnlyForDeploymentPostprocessing = 0;
		};
		834BB2CE1CB44B7800E7A923 /* Resources */ = {
			isa = PBXResourcesBuildPhase;
			buildActionMask = 2147483647;
			files = (
			);
			runOnlyForDeploymentPostprocessing = 0;
		};
/* End PBXResourcesBuildPhase section */

/* Begin PBXSourcesBuildPhase section */
		834BB2AD1CB44B7800E7A923 /* Sources */ = {
			isa = PBXSourcesBuildPhase;
			buildActionMask = 2147483647;
			files = (
				834BB2B71CB44B7800E7A923 /* ViewController.swift in Sources */,
				834BB2B51CB44B7800E7A923 /* AppDelegate.swift in Sources */,
			);
			runOnlyForDeploymentPostprocessing = 0;
		};
		834BB2C11CB44B7800E7A923 /* Sources */ = {
			isa = PBXSourcesBuildPhase;
			buildActionMask = 2147483647;
			files = (
				834BB2CA1CB44B7800E7A923 /* blinksTests.swift in Sources */,
			);
			runOnlyForDeploymentPostprocessing = 0;
		};
		834BB2CC1CB44B7800E7A923 /* Sources */ = {
			isa = PBXSourcesBuildPhase;
			buildActionMask = 2147483647;
			files = (
				834BB2D51CB44B7800E7A923 /* blinksUITests.swift in Sources */,
			);
			runOnlyForDeploymentPostprocessing = 0;
		};
/* End PBXSourcesBuildPhase section */

/* Begin PBXTargetDependency section */
		834BB2C71CB44B7800E7A923 /* PBXTargetDependency */ = {
			isa = PBXTargetDependency;
			target = 834BB2B01CB44B7800E7A923 /* blinks */;
			targetProxy = 834BB2C61CB44B7800E7A923 /* PBXContainerItemProxy */;
		};
		834BB2D21CB44B7800E7A923 /* PBXTargetDependency */ = {
			isa = PBXTargetDependency;
			target = 834BB2B01CB44B7800E7A923 /* blinks */;
			targetProxy = 834BB2D11CB44B7800E7A923 /* PBXContainerItemProxy */;
		};
/* End PBXTargetDependency section */

/* Begin PBXVariantGroup section */
		834BB2B81CB44B7800E7A923 /* Main.storyboard */ = {
			isa = PBXVariantGroup;
			children = (
				834BB2B91CB44B7800E7A923 /* Base */,
			);
			name = Main.storyboard;
			sourceTree = "<group>";
		};
		834BB2BD1CB44B7800E7A923 /* LaunchScreen.storyboard */ = {
			isa = PBXVariantGroup;
			children = (
				834BB2BE1CB44B7800E7A923 /* Base */,
			);
			name = LaunchScreen.storyboard;
			sourceTree = "<group>";
		};
/* End PBXVariantGroup section */

/* Begin XCBuildConfiguration section */
		834BB2D71CB44B7800E7A923 /* Debug */ = {
			isa = XCBuildConfiguration;
			buildSettings = {
				ALWAYS_SEARCH_USER_PATHS = NO;
				CLANG_ANALYZER_NONNULL = YES;
				CLANG_CXX_LANGUAGE_STANDARD = "gnu++0x";
				CLANG_CXX_LIBRARY = "libc++";
				CLANG_ENABLE_MODULES = YES;
				CLANG_ENABLE_OBJC_ARC = YES;
				CLANG_WARN_BOOL_CONVERSION = YES;
				CLANG_WARN_CONSTANT_CONVERSION = YES;
				CLANG_WARN_DIRECT_OBJC_ISA_USAGE = YES_ERROR;
				CLANG_WARN_EMPTY_BODY = YES;
				CLANG_WARN_ENUM_CONVERSION = YES;
				CLANG_WARN_INT_CONVERSION = YES;
				CLANG_WARN_OBJC_ROOT_CLASS = YES_ERROR;
				CLANG_WARN_UNREACHABLE_CODE = YES;
				CLANG_WARN__DUPLICATE_METHOD_MATCH = YES;
				"CODE_SIGN_IDENTITY[sdk=iphoneos*]" = "iPhone Developer";
				COPY_PHASE_STRIP = NO;
				DEBUG_INFORMATION_FORMAT = dwarf;
				ENABLE_STRICT_OBJC_MSGSEND = YES;
				ENABLE_TESTABILITY = YES;
				GCC_C_LANGUAGE_STANDARD = gnu99;
				GCC_DYNAMIC_NO_PIC = NO;
				GCC_NO_COMMON_BLOCKS = YES;
				GCC_OPTIMIZATION_LEVEL = 0;
				GCC_PREPROCESSOR_DEFINITIONS = (
					"DEBUG=1",
					"$(inherited)",
				);
				GCC_WARN_64_TO_32_BIT_CONVERSION = YES;
				GCC_WARN_ABOUT_RETURN_TYPE = YES_ERROR;
				GCC_WARN_UNDECLARED_SELECTOR = YES;
				GCC_WARN_UNINITIALIZED_AUTOS = YES_AGGRESSIVE;
				GCC_WARN_UNUSED_FUNCTION = YES;
				GCC_WARN_UNUSED_VARIABLE = YES;
				IPHONEOS_DEPLOYMENT_TARGET = 9.3;
				MTL_ENABLE_DEBUG_INFO = YES;
				ONLY_ACTIVE_ARCH = YES;
				SDKROOT = iphoneos;
				SWIFT_OPTIMIZATION_LEVEL = "-Onone";
			};
			name = Debug;
		};
		834BB2D81CB44B7800E7A923 /* Release */ = {
			isa = XCBuildConfiguration;
			buildSettings = {
				ALWAYS_SEARCH_USER_PATHS = NO;
				CLANG_ANALYZER_NONNULL = YES;
				CLANG_CXX_LANGUAGE_STANDARD = "gnu++0x";
				CLANG_CXX_LIBRARY = "libc++";
				CLANG_ENABLE_MODULES = YES;
				CLANG_ENABLE_OBJC_ARC = YES;
				CLANG_WARN_BOOL_CONVERSION = YES;
				CLANG_WARN_CONSTANT_CONVERSION = YES;
				CLANG_WARN_DIRECT_OBJC_ISA_USAGE = YES_ERROR;
				CLANG_WARN_EMPTY_BODY = YES;
				CLANG_WARN_ENUM_CONVERSION = YES;
				CLANG_WARN_INT_CONVERSION = YES;
				CLANG_WARN_OBJC_ROOT_CLASS = YES_ERROR;
				CLANG_WARN_UNREACHABLE_CODE = YES;
				CLANG_WARN__DUPLICATE_METHOD_MATCH = YES;
				"CODE_SIGN_IDENTITY[sdk=iphoneos*]" = "iPhone Developer";
				COPY_PHASE_STRIP = NO;
				DEBUG_INFORMATION_FORMAT = "dwarf-with-dsym";
				ENABLE_NS_ASSERTIONS = NO;
				ENABLE_STRICT_OBJC_MSGSEND = YES;
				GCC_C_LANGUAGE_STANDARD = gnu99;
				GCC_NO_COMMON_BLOCKS = YES;
				GCC_WARN_64_TO_32_BIT_CONVERSION = YES;
				GCC_WARN_ABOUT_RETURN_TYPE = YES_ERROR;
				GCC_WARN_UNDECLARED_SELECTOR = YES;
				GCC_WARN_UNINITIALIZED_AUTOS = YES_AGGRESSIVE;
				GCC_WARN_UNUSED_FUNCTION = YES;
				GCC_WARN_UNUSED_VARIABLE = YES;
				IPHONEOS_DEPLOYMENT_TARGET = 9.3;
				MTL_ENABLE_DEBUG_INFO = NO;
				SDKROOT = iphoneos;
				VALIDATE_PRODUCT = YES;
			};
			name = Release;
		};
		834BB2DA1CB44B7800E7A923 /* Debug */ = {
			isa = XCBuildConfiguration;
			buildSettings = {
				ASSETCATALOG_COMPILER_APPICON_NAME = AppIcon;
				INFOPLIST_FILE = blinks/Info.plist;
				LD_RUNPATH_SEARCH_PATHS = "$(inherited) @executable_path/Frameworks";
				PRODUCT_BUNDLE_IDENTIFIER = co.lateralview.blinks;
				PRODUCT_NAME = "$(TARGET_NAME)";
			};
			name = Debug;
		};
		834BB2DB1CB44B7800E7A923 /* Release */ = {
			isa = XCBuildConfiguration;
			buildSettings = {
				ASSETCATALOG_COMPILER_APPICON_NAME = AppIcon;
				INFOPLIST_FILE = blinks/Info.plist;
				LD_RUNPATH_SEARCH_PATHS = "$(inherited) @executable_path/Frameworks";
				PRODUCT_BUNDLE_IDENTIFIER = co.lateralview.blinks;
				PRODUCT_NAME = "$(TARGET_NAME)";
			};
			name = Release;
		};
		834BB2DD1CB44B7800E7A923 /* Debug */ = {
			isa = XCBuildConfiguration;
			buildSettings = {
				BUNDLE_LOADER = "$(TEST_HOST)";
				INFOPLIST_FILE = blinksTests/Info.plist;
				LD_RUNPATH_SEARCH_PATHS = "$(inherited) @executable_path/Frameworks @loader_path/Frameworks";
				PRODUCT_BUNDLE_IDENTIFIER = co.lateralview.blinksTests;
				PRODUCT_NAME = "$(TARGET_NAME)";
				TEST_HOST = "$(BUILT_PRODUCTS_DIR)/blinks.app/blinks";
			};
			name = Debug;
		};
		834BB2DE1CB44B7800E7A923 /* Release */ = {
			isa = XCBuildConfiguration;
			buildSettings = {
				BUNDLE_LOADER = "$(TEST_HOST)";
				INFOPLIST_FILE = blinksTests/Info.plist;
				LD_RUNPATH_SEARCH_PATHS = "$(inherited) @executable_path/Frameworks @loader_path/Frameworks";
				PRODUCT_BUNDLE_IDENTIFIER = co.lateralview.blinksTests;
				PRODUCT_NAME = "$(TARGET_NAME)";
				TEST_HOST = "$(BUILT_PRODUCTS_DIR)/blinks.app/blinks";
			};
			name = Release;
		};
		834BB2E01CB44B7800E7A923 /* Debug */ = {
			isa = XCBuildConfiguration;
			buildSettings = {
				INFOPLIST_FILE = blinksUITests/Info.plist;
				LD_RUNPATH_SEARCH_PATHS = "$(inherited) @executable_path/Frameworks @loader_path/Frameworks";
				PRODUCT_BUNDLE_IDENTIFIER = co.lateralview.blinksUITests;
				PRODUCT_NAME = "$(TARGET_NAME)";
				TEST_TARGET_NAME = blinks;
			};
			name = Debug;
		};
		834BB2E11CB44B7800E7A923 /* Release */ = {
			isa = XCBuildConfiguration;
			buildSettings = {
				INFOPLIST_FILE = blinksUITests/Info.plist;
				LD_RUNPATH_SEARCH_PATHS = "$(inherited) @executable_path/Frameworks @loader_path/Frameworks";
				PRODUCT_BUNDLE_IDENTIFIER = co.lateralview.blinksUITests;
				PRODUCT_NAME = "$(TARGET_NAME)";
				TEST_TARGET_NAME = blinks;
			};
			name = Release;
		};
/* End XCBuildConfiguration section */

/* Begin XCConfigurationList section */
		834BB2AC1CB44B7800E7A923 /* Build configuration list for PBXProject "blinks" */ = {
			isa = XCConfigurationList;
			buildConfigurations = (
				834BB2D71CB44B7800E7A923 /* Debug */,
				834BB2D81CB44B7800E7A923 /* Release */,
			);
			defaultConfigurationIsVisible = 0;
			defaultConfigurationName = Release;
		};
		834BB2D91CB44B7800E7A923 /* Build configuration list for PBXNativeTarget "blinks" */ = {
			isa = XCConfigurationList;
			buildConfigurations = (
				834BB2DA1CB44B7800E7A923 /* Debug */,
				834BB2DB1CB44B7800E7A923 /* Release */,
			);
			defaultConfigurationIsVisible = 0;
		};
		834BB2DC1CB44B7800E7A923 /* Build configuration list for PBXNativeTarget "blinksTests" */ = {
			isa = XCConfigurationList;
			buildConfigurations = (
				834BB2DD1CB44B7800E7A923 /* Debug */,
				834BB2DE1CB44B7800E7A923 /* Release */,
			);
			defaultConfigurationIsVisible = 0;
		};
		834BB2DF1CB44B7800E7A923 /* Build configuration list for PBXNativeTarget "blinksUITests" */ = {
			isa = XCConfigurationList;
			buildConfigurations = (
				834BB2E01CB44B7800E7A923 /* Debug */,
				834BB2E11CB44B7800E7A923 /* Release */,
			);
			defaultConfigurationIsVisible = 0;
		};
/* End XCConfigurationList section */
	};
	rootObject = 834BB2A91CB44B7800E7A923 /* Project object */;
}
